github.com/joshed-io/reveal-hugo v0.0.0-20241030080325-e191f51d09be h1:v+kEI6Q/q2eGUkUq+ITGsWZ8rpfPvgjYepoQlkDq9b8=
github.com/joshed-io/reveal-hugo v0.0.0-20241030080325-e191f51d09be/go.mod h1:aXqv6sUwk2OVl71kJjJAYl4mWhGNThGp1kJR9+VgPM4=
github.com/kilianpaquier/hugo-primer v1.1.0 h1:aBxF5/PMC/4uON3te8wEhKerQ+v73QeB0Rsi9hOz96E=
github.com/kilianpaquier/hugo-primer v1.1.0/go.mod h1:MDtVEP8AUgRiK8RWclLCF+pDomNEYLZXOueYMqnrGo8=
